
Microsoft Visual Studio Solution File, Format Version 10.00
# Visual Studio 2008
Project("{8BC9CEB8-8B4A-11D0-8D11-00A0C91BC942}") = "T07ANIM", "T07ANIM.vcproj", "{18DEAB3B-F5A7-42EC-8CCB-69B26445F43E}"
EndProject
Global
	GlobalSection(SolutionConfigurationPlatforms) = preSolution
		Debug|Win32 = Debug|Win32
		Release|Win32 = Release|Win32
	EndGlobalSection
	GlobalSection(ProjectConfigurationPlatforms) = postSolution
		{18DEAB3B-F5A7-42EC-8CCB-69B26445F43E}.Debug|Win32.ActiveCfg = Debug|Win32
		{18DEAB3B-F5A7-42EC-8CCB-69B26445F43E}.Debug|Win32.Build.0 = Debug|Win32
		{18DEAB3B-F5A7-42EC-8CCB-69B26445F43E}.Release|Win32.ActiveCfg = Release|Win32
		{18DEAB3B-F5A7-42EC-8CCB-69B26445F43E}.Release|Win32.Build.0 = Release|Win32
	EndGlobalSection
	GlobalSection(SolutionProperties) = preSolution
		HideSolutionNode = FALSE
	EndGlobalSection
EndGlobal
